
Microsoft Visual Studio Solution File, Format Version 12.00
# Visual Studio Version 16
VisualStudioVersion = 16.0.30611.23
MinimumVisualStudioVersion = 10.0.40219.1
Project("{FAE04EC0-301F-11D3-BF4B-00C04F79EFBC}") = "TestMaximumWithGenerics", "TestMaximumWithGenerics\TestMaximumWithGenerics.csproj", "{061E075A-1069-4F06-8178-073DA75520D1}"
EndProject
Global
	GlobalSection(SolutionConfigurationPlatforms) = preSolution
		Debug|Any CPU = Debug|Any CPU
		Release|Any CPU = Release|Any CPU
	EndGlobalSection
	GlobalSection(ProjectConfigurationPlatforms) = postSolution
		{061E075A-1069-4F06-8178-073DA75520D1}.Debug|Any CPU.ActiveCfg = Debug|Any CPU
		{061E075A-1069-4F06-8178-073DA75520D1}.Debug|Any CPU.Build.0 = Debug|Any CPU
		{061E075A-1069-4F06-8178-073DA75520D1}.Release|Any CPU.ActiveCfg = Release|Any CPU
		{061E075A-1069-4F06-8178-073DA75520D1}.Release|Any CPU.Build.0 = Release|Any CPU
	EndGlobalSection
	GlobalSection(SolutionProperties) = preSolution
		HideSolutionNode = FALSE
	EndGlobalSection
	GlobalSection(ExtensibilityGlobals) = postSolution
		SolutionGuid = {D950FCB3-305F-4462-841D-9BE3263E5CFB}
	EndGlobalSection
EndGlobal
